
Microsoft Visual Studio Solution File, Format Version 12.00
# Visual Studio Version 17
VisualStudioVersion = 17.7.34031.279
MinimumVisualStudioVersion = 10.0.40219.1
Project("{2150E333-8FDC-42A3-9474-1A3956D46DE8}") = "Samples", "Samples", "{D128BA57-B2BC-4AAE-9306-F6B428D1AE8F}"
EndProject
Project("{9A19103F-16F7-4668-BE54-9A1E7A4F7556}") = "SimpleAuthentication.ExtraProviders", "Code\SimpleAuthentication.ExtraProviders\SimpleAuthentication.ExtraProviders.csproj", "{D75207D5-FA68-4DC6-939A-2AC3CAD4BEAD}"
EndProject
Project("{9A19103F-16F7-4668-BE54-9A1E7A4F7556}") = "SimpleAuthentication.Core", "Code\SimpleAuthentication.Core\SimpleAuthentication.Core.csproj", "{F94E2140-8262-4463-8054-0B1DCE8ABE03}"
EndProject
Global
	GlobalSection(SolutionConfigurationPlatforms) = preSolution
		Debug|Any CPU = Debug|Any CPU
		Release|Any CPU = Release|Any CPU
	EndGlobalSection
	GlobalSection(ProjectConfigurationPlatforms) = postSolution
		{D75207D5-FA68-4DC6-939A-2AC3CAD4BEAD}.Debug|Any CPU.ActiveCfg = Debug|Any CPU
		{D75207D5-FA68-4DC6-939A-2AC3CAD4BEAD}.Debug|Any CPU.Build.0 = Debug|Any CPU
		{D75207D5-FA68-4DC6-939A-2AC3CAD4BEAD}.Release|Any CPU.ActiveCfg = Release|Any CPU
		{D75207D5-FA68-4DC6-939A-2AC3CAD4BEAD}.Release|Any CPU.Build.0 = Release|Any CPU
		{F94E2140-8262-4463-8054-0B1DCE8ABE03}.Debug|Any CPU.ActiveCfg = Debug|Any CPU
		{F94E2140-8262-4463-8054-0B1DCE8ABE03}.Debug|Any CPU.Build.0 = Debug|Any CPU
		{F94E2140-8262-4463-8054-0B1DCE8ABE03}.Release|Any CPU.ActiveCfg = Release|Any CPU
		{F94E2140-8262-4463-8054-0B1DCE8ABE03}.Release|Any CPU.Build.0 = Release|Any CPU
	EndGlobalSection
	GlobalSection(SolutionProperties) = preSolution
		HideSolutionNode = FALSE
	EndGlobalSection
EndGlobal
