
Microsoft Visual Studio Solution File, Format Version 12.00
# Visual Studio 2012
Project("{FAE04EC0-301F-11D3-BF4B-00C04F79EFBC}") = "WorldDomination.Web.Authentication", "Code\WorldDomination.Web.Authentication\WorldDomination.Web.Authentication.csproj", "{F94E2140-8262-4463-8054-0B1DCE8ABE03}"
EndProject
Project("{2150E333-8FDC-42A3-9474-1A3956D46DE8}") = ".nuget", ".nuget", "{6D4F0640-E913-4961-862D-286C11FCC123}"
	ProjectSection(SolutionItems) = preProject
		.nuget\NuGet.Config = .nuget\NuGet.Config
		.nuget\NuGet.exe = .nuget\NuGet.exe
		.nuget\NuGet.targets = .nuget\NuGet.targets
	EndProjectSection
EndProject
Project("{FAE04EC0-301F-11D3-BF4B-00C04F79EFBC}") = "Nancy.Authentication.WorldDomination", "Code\Nancy.Authentication.WorldDomination\Nancy.Authentication.WorldDomination.csproj", "{94B8D947-6CAD-42C3-B328-F369CE7BC6C0}"
EndProject
Project("{2150E333-8FDC-42A3-9474-1A3956D46DE8}") = "Samples", "Samples", "{D128BA57-B2BC-4AAE-9306-F6B428D1AE8F}"
EndProject
Project("{FAE04EC0-301F-11D3-BF4B-00C04F79EFBC}") = "WorldDomination.Web.Authentication.Samples.NancyFX2", "Samples\WorldDomination.Web.Authentication.Test.NancyFX2\WorldDomination.Web.Authentication.Samples.NancyFX2.csproj", "{837B5D35-57D3-402F-BA87-23E6B8E18433}"
EndProject
Project("{FAE04EC0-301F-11D3-BF4B-00C04F79EFBC}") = "WorldDomination.Web.Authentication.Samples.Mvc.Advanced", "Samples\WorldDomination.Web.Authentication.Test.Mvc.Advanced\WorldDomination.Web.Authentication.Samples.Mvc.Advanced.csproj", "{6EDC5354-2B54-4AD7-B0AB-CF873C8ED6E9}"
EndProject
Project("{FAE04EC0-301F-11D3-BF4B-00C04F79EFBC}") = "WorldDomination.Web.Authentication.Samples.Mvc.Fakes", "Samples\WorldDomination.Web.Authentication.Test.Mvc.Fakes\WorldDomination.Web.Authentication.Samples.Mvc.Fakes.csproj", "{D2D252E1-B10E-4802-A2AF-895E02C478F2}"
EndProject
Project("{FAE04EC0-301F-11D3-BF4B-00C04F79EFBC}") = "WorldDomination.Web.Authentication.Samples.Mvc.Simple", "Samples\WorldDomination.Web.Authentication.Test.Mvc.Simple\WorldDomination.Web.Authentication.Samples.Mvc.Simple.csproj", "{EFF9B222-5F74-422C-8587-B9EF2FD6B794}"
EndProject
Project("{FAE04EC0-301F-11D3-BF4B-00C04F79EFBC}") = "WorldDomination.Web.Authentication.Samples.NancyFX", "Samples\WorldDomination.Web.Authentication.Test.NancyFX\WorldDomination.Web.Authentication.Samples.NancyFX.csproj", "{5C6D0C7E-3DEE-42DE-8D9B-CF2F9F14186C}"
EndProject
Project("{FAE04EC0-301F-11D3-BF4B-00C04F79EFBC}") = "WorldDomination.Web.Authentication.Tests", "Code\WorldDomination.Web.Authentication.Tests\WorldDomination.Web.Authentication.Tests.csproj", "{14AC417B-A1F8-4DEC-8FF0-EB6788C1C1AA}"
EndProject
Project("{FAE04EC0-301F-11D3-BF4B-00C04F79EFBC}") = "WorldDomination.Web.Authentication.ExtraProviders", "Code\WorldDomination.Web.Authentication.ExtraProviders\WorldDomination.Web.Authentication.ExtraProviders.csproj", "{D75207D5-FA68-4DC6-939A-2AC3CAD4BEAD}"
EndProject
Project("{2150E333-8FDC-42A3-9474-1A3956D46DE8}") = "ProviderSamples", "ProviderSamples", "{8ACA3380-6810-4CA1-B8CA-D93ECE18131A}"
EndProject
Project("{FAE04EC0-301F-11D3-BF4B-00C04F79EFBC}") = "NancyFXWindowsLiveSample", "Samples\ProviderSamples\NancyFXWindowsLiveSample\NancyFXWindowsLiveSample.csproj", "{492C44EA-C148-46F8-ADF2-C29BB9B25E0E}"
EndProject
Project("{FAE04EC0-301F-11D3-BF4B-00C04F79EFBC}") = "WorldDomination.Web.Authentication.ExtraProviders.Tests", "Code\WorldDomination.Web.Authentication.ExtraProviders.Tests\WorldDomination.Web.Authentication.ExtraProviders.Tests.csproj", "{B30944EC-C68B-49F8-B064-CCB135EABE61}"
EndProject
Project("{FAE04EC0-301F-11D3-BF4B-00C04F79EFBC}") = "WorldDomination.Web.Authentication.Mvc", "Code\WorldDomination.Web.Authentication.Mvc\WorldDomination.Web.Authentication.Mvc.csproj", "{02C40D4A-17F3-465B-88D6-64D238A32396}"
EndProject
Project("{FAE04EC0-301F-11D3-BF4B-00C04F79EFBC}") = "MvcAutomatedSample", "Samples\MvcAutomatedSample\MvcAutomatedSample.csproj", "{F31BEB50-1976-438E-B781-D7B045F84877}"
EndProject
Global
	GlobalSection(SolutionConfigurationPlatforms) = preSolution
		Debug|Any CPU = Debug|Any CPU
		Release|Any CPU = Release|Any CPU
	EndGlobalSection
	GlobalSection(ProjectConfigurationPlatforms) = postSolution
		{F94E2140-8262-4463-8054-0B1DCE8ABE03}.Debug|Any CPU.ActiveCfg = Debug|Any CPU
		{F94E2140-8262-4463-8054-0B1DCE8ABE03}.Debug|Any CPU.Build.0 = Debug|Any CPU
		{F94E2140-8262-4463-8054-0B1DCE8ABE03}.Release|Any CPU.ActiveCfg = Release|Any CPU
		{F94E2140-8262-4463-8054-0B1DCE8ABE03}.Release|Any CPU.Build.0 = Release|Any CPU
		{94B8D947-6CAD-42C3-B328-F369CE7BC6C0}.Debug|Any CPU.ActiveCfg = Debug|Any CPU
		{94B8D947-6CAD-42C3-B328-F369CE7BC6C0}.Debug|Any CPU.Build.0 = Debug|Any CPU
		{94B8D947-6CAD-42C3-B328-F369CE7BC6C0}.Release|Any CPU.ActiveCfg = Release|Any CPU
		{94B8D947-6CAD-42C3-B328-F369CE7BC6C0}.Release|Any CPU.Build.0 = Release|Any CPU
		{837B5D35-57D3-402F-BA87-23E6B8E18433}.Debug|Any CPU.ActiveCfg = Debug|Any CPU
		{837B5D35-57D3-402F-BA87-23E6B8E18433}.Debug|Any CPU.Build.0 = Debug|Any CPU
		{837B5D35-57D3-402F-BA87-23E6B8E18433}.Release|Any CPU.ActiveCfg = Release|Any CPU
		{837B5D35-57D3-402F-BA87-23E6B8E18433}.Release|Any CPU.Build.0 = Release|Any CPU
		{6EDC5354-2B54-4AD7-B0AB-CF873C8ED6E9}.Debug|Any CPU.ActiveCfg = Debug|Any CPU
		{6EDC5354-2B54-4AD7-B0AB-CF873C8ED6E9}.Debug|Any CPU.Build.0 = Debug|Any CPU
		{6EDC5354-2B54-4AD7-B0AB-CF873C8ED6E9}.Release|Any CPU.ActiveCfg = Release|Any CPU
		{6EDC5354-2B54-4AD7-B0AB-CF873C8ED6E9}.Release|Any CPU.Build.0 = Release|Any CPU
		{D2D252E1-B10E-4802-A2AF-895E02C478F2}.Debug|Any CPU.ActiveCfg = Debug|Any CPU
		{D2D252E1-B10E-4802-A2AF-895E02C478F2}.Debug|Any CPU.Build.0 = Debug|Any CPU
		{D2D252E1-B10E-4802-A2AF-895E02C478F2}.Release|Any CPU.ActiveCfg = Release|Any CPU
		{D2D252E1-B10E-4802-A2AF-895E02C478F2}.Release|Any CPU.Build.0 = Release|Any CPU
		{EFF9B222-5F74-422C-8587-B9EF2FD6B794}.Debug|Any CPU.ActiveCfg = Debug|Any CPU
		{EFF9B222-5F74-422C-8587-B9EF2FD6B794}.Debug|Any CPU.Build.0 = Debug|Any CPU
		{EFF9B222-5F74-422C-8587-B9EF2FD6B794}.Release|Any CPU.ActiveCfg = Release|Any CPU
		{EFF9B222-5F74-422C-8587-B9EF2FD6B794}.Release|Any CPU.Build.0 = Release|Any CPU
		{5C6D0C7E-3DEE-42DE-8D9B-CF2F9F14186C}.Debug|Any CPU.ActiveCfg = Debug|Any CPU
		{5C6D0C7E-3DEE-42DE-8D9B-CF2F9F14186C}.Debug|Any CPU.Build.0 = Debug|Any CPU
		{5C6D0C7E-3DEE-42DE-8D9B-CF2F9F14186C}.Release|Any CPU.ActiveCfg = Release|Any CPU
		{5C6D0C7E-3DEE-42DE-8D9B-CF2F9F14186C}.Release|Any CPU.Build.0 = Release|Any CPU
		{14AC417B-A1F8-4DEC-8FF0-EB6788C1C1AA}.Debug|Any CPU.ActiveCfg = Debug|Any CPU
		{14AC417B-A1F8-4DEC-8FF0-EB6788C1C1AA}.Debug|Any CPU.Build.0 = Debug|Any CPU
		{14AC417B-A1F8-4DEC-8FF0-EB6788C1C1AA}.Release|Any CPU.ActiveCfg = Release|Any CPU
		{14AC417B-A1F8-4DEC-8FF0-EB6788C1C1AA}.Release|Any CPU.Build.0 = Release|Any CPU
		{D75207D5-FA68-4DC6-939A-2AC3CAD4BEAD}.Debug|Any CPU.ActiveCfg = Debug|Any CPU
		{D75207D5-FA68-4DC6-939A-2AC3CAD4BEAD}.Debug|Any CPU.Build.0 = Debug|Any CPU
		{D75207D5-FA68-4DC6-939A-2AC3CAD4BEAD}.Release|Any CPU.ActiveCfg = Release|Any CPU
		{D75207D5-FA68-4DC6-939A-2AC3CAD4BEAD}.Release|Any CPU.Build.0 = Release|Any CPU
		{492C44EA-C148-46F8-ADF2-C29BB9B25E0E}.Debug|Any CPU.ActiveCfg = Debug|Any CPU
		{492C44EA-C148-46F8-ADF2-C29BB9B25E0E}.Debug|Any CPU.Build.0 = Debug|Any CPU
		{492C44EA-C148-46F8-ADF2-C29BB9B25E0E}.Release|Any CPU.ActiveCfg = Release|Any CPU
		{492C44EA-C148-46F8-ADF2-C29BB9B25E0E}.Release|Any CPU.Build.0 = Release|Any CPU
		{B30944EC-C68B-49F8-B064-CCB135EABE61}.Debug|Any CPU.ActiveCfg = Debug|Any CPU
		{B30944EC-C68B-49F8-B064-CCB135EABE61}.Debug|Any CPU.Build.0 = Debug|Any CPU
		{B30944EC-C68B-49F8-B064-CCB135EABE61}.Release|Any CPU.ActiveCfg = Release|Any CPU
		{B30944EC-C68B-49F8-B064-CCB135EABE61}.Release|Any CPU.Build.0 = Release|Any CPU
		{02C40D4A-17F3-465B-88D6-64D238A32396}.Debug|Any CPU.ActiveCfg = Debug|Any CPU
		{02C40D4A-17F3-465B-88D6-64D238A32396}.Debug|Any CPU.Build.0 = Debug|Any CPU
		{02C40D4A-17F3-465B-88D6-64D238A32396}.Release|Any CPU.ActiveCfg = Release|Any CPU
		{02C40D4A-17F3-465B-88D6-64D238A32396}.Release|Any CPU.Build.0 = Release|Any CPU
		{F31BEB50-1976-438E-B781-D7B045F84877}.Debug|Any CPU.ActiveCfg = Debug|Any CPU
		{F31BEB50-1976-438E-B781-D7B045F84877}.Debug|Any CPU.Build.0 = Debug|Any CPU
		{F31BEB50-1976-438E-B781-D7B045F84877}.Release|Any CPU.ActiveCfg = Release|Any CPU
		{F31BEB50-1976-438E-B781-D7B045F84877}.Release|Any CPU.Build.0 = Release|Any CPU
	EndGlobalSection
	GlobalSection(SolutionProperties) = preSolution
		HideSolutionNode = FALSE
	EndGlobalSection
	GlobalSection(NestedProjects) = preSolution
		{837B5D35-57D3-402F-BA87-23E6B8E18433} = {D128BA57-B2BC-4AAE-9306-F6B428D1AE8F}
		{6EDC5354-2B54-4AD7-B0AB-CF873C8ED6E9} = {D128BA57-B2BC-4AAE-9306-F6B428D1AE8F}
		{D2D252E1-B10E-4802-A2AF-895E02C478F2} = {D128BA57-B2BC-4AAE-9306-F6B428D1AE8F}
		{EFF9B222-5F74-422C-8587-B9EF2FD6B794} = {D128BA57-B2BC-4AAE-9306-F6B428D1AE8F}
		{5C6D0C7E-3DEE-42DE-8D9B-CF2F9F14186C} = {D128BA57-B2BC-4AAE-9306-F6B428D1AE8F}
		{8ACA3380-6810-4CA1-B8CA-D93ECE18131A} = {D128BA57-B2BC-4AAE-9306-F6B428D1AE8F}
		{F31BEB50-1976-438E-B781-D7B045F84877} = {D128BA57-B2BC-4AAE-9306-F6B428D1AE8F}
		{492C44EA-C148-46F8-ADF2-C29BB9B25E0E} = {8ACA3380-6810-4CA1-B8CA-D93ECE18131A}
	EndGlobalSection
EndGlobal
