
Microsoft Visual Studio Solution File, Format Version 12.00
# Visual Studio 2012
Project("{FAE04EC0-301F-11D3-BF4B-00C04F79EFBC}") = "WorldDomination.Web.Authentication", "Code\WorldDomination.Web.Authentication\WorldDomination.Web.Authentication.csproj", "{F94E2140-8262-4463-8054-0B1DCE8ABE03}"
EndProject
Project("{2150E333-8FDC-42A3-9474-1A3956D46DE8}") = ".nuget", ".nuget", "{6D4F0640-E913-4961-862D-286C11FCC123}"
	ProjectSection(SolutionItems) = preProject
		.nuget\NuGet.Config = .nuget\NuGet.Config
		.nuget\NuGet.exe = .nuget\NuGet.exe
		.nuget\NuGet.targets = .nuget\NuGet.targets
	EndProjectSection
EndProject
Project("{FAE04EC0-301F-11D3-BF4B-00C04F79EFBC}") = "WorldDomination.UnitTests", "Code\WorldDomination.UnitTests\WorldDomination.UnitTests.csproj", "{14AC417B-A1F8-4DEC-8FF0-EB6788C1C1AA}"
EndProject
Project("{FAE04EC0-301F-11D3-BF4B-00C04F79EFBC}") = "WorldDomination.Web.IntegrationTest.Mvc", "Code\WorldDomination.Web.IntegrationTest\ASP.Net MVC\WorldDomination.Web.IntegrationTest.Mvc.csproj", "{EFF9B222-5F74-422C-8587-B9EF2FD6B794}"
EndProject
Project("{FAE04EC0-301F-11D3-BF4B-00C04F79EFBC}") = "WorldDomination.Web.IntegrationTest.NancyFX", "Code\WorldDomination.Web.IntegrationTest\NancyFX\WorldDomination.Web.IntegrationTest.NancyFX.csproj", "{667E9BD9-61C1-4B7F-BBD0-2522C6AE9F28}"
EndProject
Global
	GlobalSection(SolutionConfigurationPlatforms) = preSolution
		Debug|Any CPU = Debug|Any CPU
		Release|Any CPU = Release|Any CPU
	EndGlobalSection
	GlobalSection(ProjectConfigurationPlatforms) = postSolution
		{F94E2140-8262-4463-8054-0B1DCE8ABE03}.Debug|Any CPU.ActiveCfg = Debug|Any CPU
		{F94E2140-8262-4463-8054-0B1DCE8ABE03}.Debug|Any CPU.Build.0 = Debug|Any CPU
		{F94E2140-8262-4463-8054-0B1DCE8ABE03}.Release|Any CPU.ActiveCfg = Release|Any CPU
		{F94E2140-8262-4463-8054-0B1DCE8ABE03}.Release|Any CPU.Build.0 = Release|Any CPU
		{14AC417B-A1F8-4DEC-8FF0-EB6788C1C1AA}.Debug|Any CPU.ActiveCfg = Debug|Any CPU
		{14AC417B-A1F8-4DEC-8FF0-EB6788C1C1AA}.Debug|Any CPU.Build.0 = Debug|Any CPU
		{14AC417B-A1F8-4DEC-8FF0-EB6788C1C1AA}.Release|Any CPU.ActiveCfg = Release|Any CPU
		{14AC417B-A1F8-4DEC-8FF0-EB6788C1C1AA}.Release|Any CPU.Build.0 = Release|Any CPU
		{EFF9B222-5F74-422C-8587-B9EF2FD6B794}.Debug|Any CPU.ActiveCfg = Debug|Any CPU
		{EFF9B222-5F74-422C-8587-B9EF2FD6B794}.Debug|Any CPU.Build.0 = Debug|Any CPU
		{EFF9B222-5F74-422C-8587-B9EF2FD6B794}.Release|Any CPU.ActiveCfg = Release|Any CPU
		{EFF9B222-5F74-422C-8587-B9EF2FD6B794}.Release|Any CPU.Build.0 = Release|Any CPU
		{667E9BD9-61C1-4B7F-BBD0-2522C6AE9F28}.Debug|Any CPU.ActiveCfg = Debug|Any CPU
		{667E9BD9-61C1-4B7F-BBD0-2522C6AE9F28}.Debug|Any CPU.Build.0 = Debug|Any CPU
		{667E9BD9-61C1-4B7F-BBD0-2522C6AE9F28}.Release|Any CPU.ActiveCfg = Release|Any CPU
		{667E9BD9-61C1-4B7F-BBD0-2522C6AE9F28}.Release|Any CPU.Build.0 = Release|Any CPU
	EndGlobalSection
	GlobalSection(SolutionProperties) = preSolution
		HideSolutionNode = FALSE
	EndGlobalSection
EndGlobal
